
Microsoft Visual Studio Solution File, Format Version 12.00
# Visual Studio Version 17
VisualStudioVersion = 17.3.32819.101
MinimumVisualStudioVersion = 10.0.40219.1
Project("{FAE04EC0-301F-11D3-BF4B-00C04F79EFBC}") = "Lab2-Napat-Phuwarintarawanich", "Lab2-Napat-Phuwarintarawanich\Lab2-Napat-Phuwarintarawanich.csproj", "{359480EA-B148-41EF-B8BE-908C05FA5372}"
EndProject
Global
	GlobalSection(SolutionConfigurationPlatforms) = preSolution
		Debug|Any CPU = Debug|Any CPU
		Release|Any CPU = Release|Any CPU
	EndGlobalSection
	GlobalSection(ProjectConfigurationPlatforms) = postSolution
		{359480EA-B148-41EF-B8BE-908C05FA5372}.Debug|Any CPU.ActiveCfg = Debug|Any CPU
		{359480EA-B148-41EF-B8BE-908C05FA5372}.Debug|Any CPU.Build.0 = Debug|Any CPU
		{359480EA-B148-41EF-B8BE-908C05FA5372}.Release|Any CPU.ActiveCfg = Release|Any CPU
		{359480EA-B148-41EF-B8BE-908C05FA5372}.Release|Any CPU.Build.0 = Release|Any CPU
	EndGlobalSection
	GlobalSection(SolutionProperties) = preSolution
		HideSolutionNode = FALSE
	EndGlobalSection
	GlobalSection(ExtensibilityGlobals) = postSolution
		SolutionGuid = {55F634CC-1FAF-4AAA-AF47-3716386E285C}
	EndGlobalSection
EndGlobal
