
Microsoft Visual Studio Solution File, Format Version 12.00
# Visual Studio Version 17
VisualStudioVersion = 17.3.32819.101
MinimumVisualStudioVersion = 10.0.40219.1
Project("{FAE04EC0-301F-11D3-BF4B-00C04F79EFBC}") = "Lab04_Napat_Phuwarintarawanich", "Lab04_Napat_Phuwarintarawanich\Lab04_Napat_Phuwarintarawanich.csproj", "{1A82822D-FD39-4AFD-B38A-A9D8D8CEB1DF}"
EndProject
Global
	GlobalSection(SolutionConfigurationPlatforms) = preSolution
		Debug|Any CPU = Debug|Any CPU
		Release|Any CPU = Release|Any CPU
	EndGlobalSection
	GlobalSection(ProjectConfigurationPlatforms) = postSolution
		{1A82822D-FD39-4AFD-B38A-A9D8D8CEB1DF}.Debug|Any CPU.ActiveCfg = Debug|Any CPU
		{1A82822D-FD39-4AFD-B38A-A9D8D8CEB1DF}.Debug|Any CPU.Build.0 = Debug|Any CPU
		{1A82822D-FD39-4AFD-B38A-A9D8D8CEB1DF}.Release|Any CPU.ActiveCfg = Release|Any CPU
		{1A82822D-FD39-4AFD-B38A-A9D8D8CEB1DF}.Release|Any CPU.Build.0 = Release|Any CPU
	EndGlobalSection
	GlobalSection(SolutionProperties) = preSolution
		HideSolutionNode = FALSE
	EndGlobalSection
	GlobalSection(ExtensibilityGlobals) = postSolution
		SolutionGuid = {D5940195-EBD1-46F2-82F4-ACF2FCC3D22F}
	EndGlobalSection
EndGlobal
